<?xml version="1.0" encoding="utf-8"?>
<Project ToolsVersion="4.0" xmlns="http://schemas.microsoft.com/developer/msbuild/2003">
  <ItemGroup>
    <Filter Include="源文件">
      <UniqueIdentifier>{4FC737F1-C7A5-4376-A066-2A32D752A2FF}</UniqueIdentifier>
      <Extensions>cpp;c;cc;cxx;def;odl;idl;hpj;bat;asm;asmx</Extensions>
    </Filter>
    <Filter Include="头文件">
      <UniqueIdentifier>{93995380-89BD-4b04-88EB-625FBE52EBFB}</UniqueIdentifier>
      <Extensions>h;hh;hpp;hxx;hm;inl;inc;xsd</Extensions>
    </Filter>
    <Filter Include="资源文件">
      <UniqueIdentifier>{67DA6AB6-F800-4c08-8B7A-83BB121AAD01}</UniqueIdentifier>
      <Extensions>rc;ico;cur;bmp;dlg;rc2;rct;bin;rgs;gif;jpg;jpeg;jpe;resx;tiff;tif;png;wav;mfcribbon-ms</Extensions>
    </Filter>
    <Filter Include="源文件\dialog">
      <UniqueIdentifier>{44730b3f-ab8f-47a5-8c9e-1164253e1845}</UniqueIdentifier>
    </Filter>
    <Filter Include="头文件\dialog">
      <UniqueIdentifier>{ffeebabe-e211-42b2-89cf-795b9901ca71}</UniqueIdentifier>
    </Filter>
    <Filter Include="头文件\media">
      <UniqueIdentifier>{ccb6fca1-3afd-44b7-8648-cb141119bff0}</UniqueIdentifier>
    </Filter>
    <Filter Include="源文件\media">
      <UniqueIdentifier>{ece1b00e-d8a0-4acf-b9f0-b0381cc3295d}</UniqueIdentifier>
    </Filter>
  </ItemGroup>
  <ItemGroup>
    <ClInclude Include="Dolphin.h">
      <Filter>头文件</Filter>
    </ClInclude>
    <ClInclude Include="DolphinDlg.h">
      <Filter>头文件</Filter>
    </ClInclude>
    <ClInclude Include="stdafx.h">
      <Filter>头文件</Filter>
    </ClInclude>
    <ClInclude Include="targetver.h">
      <Filter>头文件</Filter>
    </ClInclude>
    <ClInclude Include="Resource.h">
      <Filter>头文件</Filter>
    </ClInclude>
    <ClInclude Include="dialog\ConfigDlg.h">
      <Filter>头文件\dialog</Filter>
    </ClInclude>
    <ClInclude Include="dialog\CapConfigDlg.h">
      <Filter>头文件\dialog</Filter>
    </ClInclude>
    <ClInclude Include="dialog\EncConfigDlg.h">
      <Filter>头文件\dialog</Filter>
    </ClInclude>
    <ClInclude Include="dialog\RecConfigDlg.h">
      <Filter>头文件\dialog</Filter>
    </ClInclude>
    <ClInclude Include="dialog\SysConfigDlg.h">
      <Filter>头文件\dialog</Filter>
    </ClInclude>
    <ClInclude Include="Config.h">
      <Filter>头文件</Filter>
    </ClInclude>
    <ClInclude Include="dialog\AboutDlg.h">
      <Filter>头文件\dialog</Filter>
    </ClInclude>
    <ClInclude Include="dialog\RenderDlg.h">
      <Filter>头文件\dialog</Filter>
    </ClInclude>
    <ClInclude Include="media\AudioCapture.h">
      <Filter>头文件\media</Filter>
    </ClInclude>
    <ClInclude Include="media\Capture.h">
      <Filter>头文件\media</Filter>
    </ClInclude>
    <ClInclude Include="media\Codec.h">
      <Filter>头文件\media</Filter>
    </ClInclude>
    <ClInclude Include="media\MediaFrame.h">
      <Filter>头文件\media</Filter>
    </ClInclude>
    <ClInclude Include="media\MediaPacket.h">
      <Filter>头文件\media</Filter>
    </ClInclude>
    <ClInclude Include="media\Render.h">
      <Filter>头文件\media</Filter>
    </ClInclude>
    <ClInclude Include="media\Rtmpc.h">
      <Filter>头文件\media</Filter>
    </ClInclude>
    <ClInclude Include="media\Sink.h">
      <Filter>头文件\media</Filter>
    </ClInclude>
    <ClInclude Include="media\VideoCapture.h">
      <Filter>头文件\media</Filter>
    </ClInclude>
    <ClInclude Include="media\Direct3D9Render.h">
      <Filter>头文件\media</Filter>
    </ClInclude>
    <ClInclude Include="media\Direct3D11Render.h">
      <Filter>头文件\media</Filter>
    </ClInclude>
    <ClInclude Include="media\ScreenCapture.h">
      <Filter>头文件\media</Filter>
    </ClInclude>
    <ClInclude Include="media\SpeakerCapture.h">
      <Filter>头文件\media</Filter>
    </ClInclude>
  </ItemGroup>
  <ItemGroup>
    <ClCompile Include="Dolphin.cpp">
      <Filter>源文件</Filter>
    </ClCompile>
    <ClCompile Include="DolphinDlg.cpp">
      <Filter>源文件</Filter>
    </ClCompile>
    <ClCompile Include="stdafx.cpp">
      <Filter>源文件</Filter>
    </ClCompile>
    <ClCompile Include="dialog\ConfigDlg.cpp">
      <Filter>源文件\dialog</Filter>
    </ClCompile>
    <ClCompile Include="dialog\CapConfigDlg.cpp">
      <Filter>源文件\dialog</Filter>
    </ClCompile>
    <ClCompile Include="dialog\EncConfigDlg.cpp">
      <Filter>源文件\dialog</Filter>
    </ClCompile>
    <ClCompile Include="dialog\RecConfigDlg.cpp">
      <Filter>源文件\dialog</Filter>
    </ClCompile>
    <ClCompile Include="dialog\SysConfigDlg.cpp">
      <Filter>源文件\dialog</Filter>
    </ClCompile>
    <ClCompile Include="Config.cpp">
      <Filter>源文件</Filter>
    </ClCompile>
    <ClCompile Include="dialog\AboutDlg.cpp">
      <Filter>源文件\dialog</Filter>
    </ClCompile>
    <ClCompile Include="dialog\RenderDlg.cpp">
      <Filter>源文件\dialog</Filter>
    </ClCompile>
    <ClCompile Include="media\AudioCapture.cpp">
      <Filter>源文件\media</Filter>
    </ClCompile>
    <ClCompile Include="media\Capture.cpp">
      <Filter>源文件\media</Filter>
    </ClCompile>
    <ClCompile Include="media\Codec.cpp">
      <Filter>源文件\media</Filter>
    </ClCompile>
    <ClCompile Include="media\MediaFrame.cpp">
      <Filter>源文件\media</Filter>
    </ClCompile>
    <ClCompile Include="media\MediaPacket.cpp">
      <Filter>源文件\media</Filter>
    </ClCompile>
    <ClCompile Include="media\Render.cpp">
      <Filter>源文件\media</Filter>
    </ClCompile>
    <ClCompile Include="media\RenderWnd.cpp">
      <Filter>源文件\media</Filter>
    </ClCompile>
    <ClCompile Include="media\Rtmpc.cpp">
      <Filter>源文件\media</Filter>
    </ClCompile>
    <ClCompile Include="media\VideoCapture.cpp">
      <Filter>源文件\media</Filter>
    </ClCompile>
    <ClCompile Include="media\Direct3D9Render.cpp">
      <Filter>源文件\media</Filter>
    </ClCompile>
    <ClCompile Include="media\Direct3D11Render.cpp">
      <Filter>源文件\media</Filter>
    </ClCompile>
    <ClCompile Include="media\ScreenCapture.cpp">
      <Filter>源文件\media</Filter>
    </ClCompile>
    <ClCompile Include="media\SpeakerCapture.cpp">
      <Filter>源文件\media</Filter>
    </ClCompile>
  </ItemGroup>
  <ItemGroup>
    <ResourceCompile Include="Dolphin.rc">
      <Filter>资源文件</Filter>
    </ResourceCompile>
  </ItemGroup>
  <ItemGroup>
    <None Include="res\Dolphin.rc2">
      <Filter>资源文件</Filter>
    </None>
    <None Include="README.md" />
  </ItemGroup>
  <ItemGroup>
    <Image Include="res\Dolphin.ico">
      <Filter>资源文件</Filter>
    </Image>
  </ItemGroup>
</Project>